// !$*UTF8*$!
{
	archiveVersion = 1;
	classes = {
	};
	objectVersion = 50;
	objects = {

/* Begin PBXBuildFile section */
		A02CC938260FBDF2001E9193 /* catBreedsIOSApp.swift in Sources */ = {isa = PBXBuildFile; fileRef = A02CC937260FBDF2001E9193 /* catBreedsIOSApp.swift */; };
		A02CC93A260FBDF2001E9193 /* ContentView.swift in Sources */ = {isa = PBXBuildFile; fileRef = A02CC939260FBDF2001E9193 /* ContentView.swift */; };
		A02CC93C260FBDF4001E9193 /* Assets.xcassets in Resources */ = {isa = PBXBuildFile; fileRef = A02CC93B260FBDF4001E9193 /* Assets.xcassets */; };
		A02CC93F260FBDF4001E9193 /* Preview Assets.xcassets in Resources */ = {isa = PBXBuildFile; fileRef = A02CC93E260FBDF4001E9193 /* Preview Assets.xcassets */; };
		A06E2C0C260FD6BB00531A9E /* BreedRow.swift in Sources */ = {isa = PBXBuildFile; fileRef = A06E2C0B260FD6BB00531A9E /* BreedRow.swift */; };
		A06E2C11260FD75800531A9E /* RemoteImage.swift in Sources */ = {isa = PBXBuildFile; fileRef = A06E2C10260FD75800531A9E /* RemoteImage.swift */; };
		A06E2C13260FE21E00531A9E /* shared.framework in Frameworks */ = {isa = PBXBuildFile; fileRef = A06E2C12260FE21E00531A9E /* shared.framework */; };
		A06E2C14260FE21E00531A9E /* shared.framework in Embed Frameworks */ = {isa = PBXBuildFile; fileRef = A06E2C12260FE21E00531A9E /* shared.framework */; settings = {ATTRIBUTES = (CodeSignOnCopy, RemoveHeadersOnCopy, ); }; };
		A06E2C1626109C5100531A9E /* BreedDetails.swift in Sources */ = {isa = PBXBuildFile; fileRef = A06E2C1526109C5100531A9E /* BreedDetails.swift */; };
/* End PBXBuildFile section */

/* Begin PBXCopyFilesBuildPhase section */
		A06E2C08260FBF1C00531A9E /* Embed Frameworks */ = {
			isa = PBXCopyFilesBuildPhase;
			buildActionMask = 2147483647;
			dstPath = "";
			dstSubfolderSpec = 10;
			files = (
				A06E2C14260FE21E00531A9E /* shared.framework in Embed Frameworks */,
			);
			name = "Embed Frameworks";
			runOnlyForDeploymentPostprocessing = 0;
		};
/* End PBXCopyFilesBuildPhase section */

/* Begin PBXFileReference section */
		A02CC934260FBDF2001E9193 /* catBreedsIOS.app */ = {isa = PBXFileReference; explicitFileType = wrapper.application; includeInIndex = 0; path = catBreedsIOS.app; sourceTree = BUILT_PRODUCTS_DIR; };
		A02CC937260FBDF2001E9193 /* catBreedsIOSApp.swift */ = {isa = PBXFileReference; lastKnownFileType = sourcecode.swift; path = catBreedsIOSApp.swift; sourceTree = "<group>"; };
		A02CC939260FBDF2001E9193 /* ContentView.swift */ = {isa = PBXFileReference; lastKnownFileType = sourcecode.swift; path = ContentView.swift; sourceTree = "<group>"; };
		A02CC93B260FBDF4001E9193 /* Assets.xcassets */ = {isa = PBXFileReference; lastKnownFileType = folder.assetcatalog; path = Assets.xcassets; sourceTree = "<group>"; };
		A02CC93E260FBDF4001E9193 /* Preview Assets.xcassets */ = {isa = PBXFileReference; lastKnownFileType = folder.assetcatalog; path = "Preview Assets.xcassets"; sourceTree = "<group>"; };
		A02CC940260FBDF4001E9193 /* Info.plist */ = {isa = PBXFileReference; lastKnownFileType = text.plist.xml; path = Info.plist; sourceTree = "<group>"; };
		A06E2C0B260FD6BB00531A9E /* BreedRow.swift */ = {isa = PBXFileReference; lastKnownFileType = sourcecode.swift; path = BreedRow.swift; sourceTree = "<group>"; };
		A06E2C10260FD75800531A9E /* RemoteImage.swift */ = {isa = PBXFileReference; lastKnownFileType = sourcecode.swift; path = RemoteImage.swift; sourceTree = "<group>"; };
		A06E2C12260FE21E00531A9E /* shared.framework */ = {isa = PBXFileReference; lastKnownFileType = wrapper.framework; name = shared.framework; path = "../shared/build/xcode-frameworks/shared.framework"; sourceTree = "<group>"; };
		A06E2C1526109C5100531A9E /* BreedDetails.swift */ = {isa = PBXFileReference; lastKnownFileType = sourcecode.swift; path = BreedDetails.swift; sourceTree = "<group>"; };
/* End PBXFileReference section */

/* Begin PBXFrameworksBuildPhase section */
		A02CC931260FBDF2001E9193 /* Frameworks */ = {
			isa = PBXFrameworksBuildPhase;
			buildActionMask = 2147483647;
			files = (
				A06E2C13260FE21E00531A9E /* shared.framework in Frameworks */,
			);
			runOnlyForDeploymentPostprocessing = 0;
		};
/* End PBXFrameworksBuildPhase section */

/* Begin PBXGroup section */
		A02CC92B260FBDF2001E9193 = {
			isa = PBXGroup;
			children = (
				A02CC936260FBDF2001E9193 /* catBreedsIOS */,
				A02CC935260FBDF2001E9193 /* Products */,
				A02CC947260FBE32001E9193 /* Frameworks */,
			);
			sourceTree = "<group>";
		};
		A02CC935260FBDF2001E9193 /* Products */ = {
			isa = PBXGroup;
			children = (
				A02CC934260FBDF2001E9193 /* catBreedsIOS.app */,
			);
			name = Products;
			sourceTree = "<group>";
		};
		A02CC936260FBDF2001E9193 /* catBreedsIOS */ = {
			isa = PBXGroup;
			children = (
				A06E2C0D260FD72900531A9E /* Helpers */,
				A06E2C0A260FD6A100531A9E /* Breeds */,
				A02CC937260FBDF2001E9193 /* catBreedsIOSApp.swift */,
				A02CC939260FBDF2001E9193 /* ContentView.swift */,
				A02CC93B260FBDF4001E9193 /* Assets.xcassets */,
				A02CC940260FBDF4001E9193 /* Info.plist */,
				A02CC93D260FBDF4001E9193 /* Preview Content */,
			);
			path = catBreedsIOS;
			sourceTree = "<group>";
		};
		A02CC93D260FBDF4001E9193 /* Preview Content */ = {
			isa = PBXGroup;
			children = (
				A02CC93E260FBDF4001E9193 /* Preview Assets.xcassets */,
			);
			path = "Preview Content";
			sourceTree = "<group>";
		};
		A02CC947260FBE32001E9193 /* Frameworks */ = {
			isa = PBXGroup;
			children = (
				A06E2C12260FE21E00531A9E /* shared.framework */,
			);
			name = Frameworks;
			sourceTree = "<group>";
		};
		A06E2C0A260FD6A100531A9E /* Breeds */ = {
			isa = PBXGroup;
			children = (
				A06E2C0B260FD6BB00531A9E /* BreedRow.swift */,
				A06E2C1526109C5100531A9E /* BreedDetails.swift */,
			);
			path = Breeds;
			sourceTree = "<group>";
		};
		A06E2C0D260FD72900531A9E /* Helpers */ = {
			isa = PBXGroup;
			children = (
				A06E2C10260FD75800531A9E /* RemoteImage.swift */,
			);
			path = Helpers;
			sourceTree = "<group>";
		};
/* End PBXGroup section */

/* Begin PBXNativeTarget section */
		A02CC933260FBDF2001E9193 /* catBreedsIOS */ = {
			isa = PBXNativeTarget;
			buildConfigurationList = A02CC943260FBDF4001E9193 /* Build configuration list for PBXNativeTarget "catBreedsIOS" */;
			buildPhases = (
				A06E2C09260FBF4700531A9E /* ShellScript */,
				A02CC930260FBDF2001E9193 /* Sources */,
				A02CC931260FBDF2001E9193 /* Frameworks */,
				A02CC932260FBDF2001E9193 /* Resources */,
				A06E2C08260FBF1C00531A9E /* Embed Frameworks */,
			);
			buildRules = (
			);
			dependencies = (
			);
			name = catBreedsIOS;
			productName = catBreedsIOS;
			productReference = A02CC934260FBDF2001E9193 /* catBreedsIOS.app */;
			productType = "com.apple.product-type.application";
		};
/* End PBXNativeTarget section */

/* Begin PBXProject section */
		A02CC92C260FBDF2001E9193 /* Project object */ = {
			isa = PBXProject;
			attributes = {
				LastSwiftUpdateCheck = 1240;
				LastUpgradeCheck = 1240;
				TargetAttributes = {
					A02CC933260FBDF2001E9193 = {
						CreatedOnToolsVersion = 12.4;
					};
				};
			};
			buildConfigurationList = A02CC92F260FBDF2001E9193 /* Build configuration list for PBXProject "catBreedsIOS" */;
			compatibilityVersion = "Xcode 9.3";
			developmentRegion = en;
			hasScannedForEncodings = 0;
			knownRegions = (
				en,
				Base,
			);
			mainGroup = A02CC92B260FBDF2001E9193;
			productRefGroup = A02CC935260FBDF2001E9193 /* Products */;
			projectDirPath = "";
			projectRoot = "";
			targets = (
				A02CC933260FBDF2001E9193 /* catBreedsIOS */,
			);
		};
/* End PBXProject section */

/* Begin PBXResourcesBuildPhase section */
		A02CC932260FBDF2001E9193 /* Resources */ = {
			isa = PBXResourcesBuildPhase;
			buildActionMask = 2147483647;
			files = (
				A02CC93F260FBDF4001E9193 /* Preview Assets.xcassets in Resources */,
				A02CC93C260FBDF4001E9193 /* Assets.xcassets in Resources */,
			);
			runOnlyForDeploymentPostprocessing = 0;
		};
/* End PBXResourcesBuildPhase section */

/* Begin PBXShellScriptBuildPhase section */
		A06E2C09260FBF4700531A9E /* ShellScript */ = {
			isa = PBXShellScriptBuildPhase;
			buildActionMask = 2147483647;
			files = (
			);
			inputFileListPaths = (
			);
			inputPaths = (
			);
			outputFileListPaths = (
			);
			outputPaths = (
			);
			runOnlyForDeploymentPostprocessing = 0;
			shellPath = /bin/sh;
			shellScript = "# Type a script or drag a script file from your workspace to insert its path.\ncd \"$SRCROOT/..\"\n./gradlew :shared:packForXCode -PXCODE_CONFIGURATION=${CONFIGURATION}\n";
		};
/* End PBXShellScriptBuildPhase section */

/* Begin PBXSourcesBuildPhase section */
		A02CC930260FBDF2001E9193 /* Sources */ = {
			isa = PBXSourcesBuildPhase;
			buildActionMask = 2147483647;
			files = (
				A02CC93A260FBDF2001E9193 /* ContentView.swift in Sources */,
				A02CC938260FBDF2001E9193 /* catBreedsIOSApp.swift in Sources */,
				A06E2C1626109C5100531A9E /* BreedDetails.swift in Sources */,
				A06E2C0C260FD6BB00531A9E /* BreedRow.swift in Sources */,
				A06E2C11260FD75800531A9E /* RemoteImage.swift in Sources */,
			);
			runOnlyForDeploymentPostprocessing = 0;
		};
/* End PBXSourcesBuildPhase section */

/* Begin XCBuildConfiguration section */
		A02CC941260FBDF4001E9193 /* Debug */ = {
			isa = XCBuildConfiguration;
			buildSettings = {
				ALWAYS_SEARCH_USER_PATHS = NO;
				CLANG_ANALYZER_NONNULL = YES;
				CLANG_ANALYZER_NUMBER_OBJECT_CONVERSION = YES_AGGRESSIVE;
				CLANG_CXX_LANGUAGE_STANDARD = "gnu++14";
				CLANG_CXX_LIBRARY = "libc++";
				CLANG_ENABLE_MODULES = YES;
				CLANG_ENABLE_OBJC_ARC = YES;
				CLANG_ENABLE_OBJC_WEAK = YES;
				CLANG_WARN_BLOCK_CAPTURE_AUTORELEASING = YES;
				CLANG_WARN_BOOL_CONVERSION = YES;
				CLANG_WARN_COMMA = YES;
				CLANG_WARN_CONSTANT_CONVERSION = YES;
				CLANG_WARN_DEPRECATED_OBJC_IMPLEMENTATIONS = YES;
				CLANG_WARN_DIRECT_OBJC_ISA_USAGE = YES_ERROR;
				CLANG_WARN_DOCUMENTATION_COMMENTS = YES;
				CLANG_WARN_EMPTY_BODY = YES;
				CLANG_WARN_ENUM_CONVERSION = YES;
				CLANG_WARN_INFINITE_RECURSION = YES;
				CLANG_WARN_INT_CONVERSION = YES;
				CLANG_WARN_NON_LITERAL_NULL_CONVERSION = YES;
				CLANG_WARN_OBJC_IMPLICIT_RETAIN_SELF = YES;
				CLANG_WARN_OBJC_LITERAL_CONVERSION = YES;
				CLANG_WARN_OBJC_ROOT_CLASS = YES_ERROR;
				CLANG_WARN_QUOTED_INCLUDE_IN_FRAMEWORK_HEADER = YES;
				CLANG_WARN_RANGE_LOOP_ANALYSIS = YES;
				CLANG_WARN_STRICT_PROTOTYPES = YES;
				CLANG_WARN_SUSPICIOUS_MOVE = YES;
				CLANG_WARN_UNGUARDED_AVAILABILITY = YES_AGGRESSIVE;
				CLANG_WARN_UNREACHABLE_CODE = YES;
				CLANG_WARN__DUPLICATE_METHOD_MATCH = YES;
				COPY_PHASE_STRIP = NO;
				DEBUG_INFORMATION_FORMAT = dwarf;
				ENABLE_STRICT_OBJC_MSGSEND = YES;
				ENABLE_TESTABILITY = YES;
				GCC_C_LANGUAGE_STANDARD = gnu11;
				GCC_DYNAMIC_NO_PIC = NO;
				GCC_NO_COMMON_BLOCKS = YES;
				GCC_OPTIMIZATION_LEVEL = 0;
				GCC_PREPROCESSOR_DEFINITIONS = (
					"DEBUG=1",
					"$(inherited)",
				);
				GCC_WARN_64_TO_32_BIT_CONVERSION = YES;
				GCC_WARN_ABOUT_RETURN_TYPE = YES_ERROR;
				GCC_WARN_UNDECLARED_SELECTOR = YES;
				GCC_WARN_UNINITIALIZED_AUTOS = YES_AGGRESSIVE;
				GCC_WARN_UNUSED_FUNCTION = YES;
				GCC_WARN_UNUSED_VARIABLE = YES;
				IPHONEOS_DEPLOYMENT_TARGET = 14.4;
				MTL_ENABLE_DEBUG_INFO = INCLUDE_SOURCE;
				MTL_FAST_MATH = YES;
				ONLY_ACTIVE_ARCH = YES;
				SDKROOT = iphoneos;
				SWIFT_ACTIVE_COMPILATION_CONDITIONS = DEBUG;
				SWIFT_OPTIMIZATION_LEVEL = "-Onone";
			};
			name = Debug;
		};
		A02CC942260FBDF4001E9193 /* Release */ = {
			isa = XCBuildConfiguration;
			buildSettings = {
				ALWAYS_SEARCH_USER_PATHS = NO;
				CLANG_ANALYZER_NONNULL = YES;
				CLANG_ANALYZER_NUMBER_OBJECT_CONVERSION = YES_AGGRESSIVE;
				CLANG_CXX_LANGUAGE_STANDARD = "gnu++14";
				CLANG_CXX_LIBRARY = "libc++";
				CLANG_ENABLE_MODULES = YES;
				CLANG_ENABLE_OBJC_ARC = YES;
				CLANG_ENABLE_OBJC_WEAK = YES;
				CLANG_WARN_BLOCK_CAPTURE_AUTORELEASING = YES;
				CLANG_WARN_BOOL_CONVERSION = YES;
				CLANG_WARN_COMMA = YES;
				CLANG_WARN_CONSTANT_CONVERSION = YES;
				CLANG_WARN_DEPRECATED_OBJC_IMPLEMENTATIONS = YES;
				CLANG_WARN_DIRECT_OBJC_ISA_USAGE = YES_ERROR;
				CLANG_WARN_DOCUMENTATION_COMMENTS = YES;
				CLANG_WARN_EMPTY_BODY = YES;
				CLANG_WARN_ENUM_CONVERSION = YES;
				CLANG_WARN_INFINITE_RECURSION = YES;
				CLANG_WARN_INT_CONVERSION = YES;
				CLANG_WARN_NON_LITERAL_NULL_CONVERSION = YES;
				CLANG_WARN_OBJC_IMPLICIT_RETAIN_SELF = YES;
				CLANG_WARN_OBJC_LITERAL_CONVERSION = YES;
				CLANG_WARN_OBJC_ROOT_CLASS = YES_ERROR;
				CLANG_WARN_QUOTED_INCLUDE_IN_FRAMEWORK_HEADER = YES;
				CLANG_WARN_RANGE_LOOP_ANALYSIS = YES;
				CLANG_WARN_STRICT_PROTOTYPES = YES;
				CLANG_WARN_SUSPICIOUS_MOVE = YES;
				CLANG_WARN_UNGUARDED_AVAILABILITY = YES_AGGRESSIVE;
				CLANG_WARN_UNREACHABLE_CODE = YES;
				CLANG_WARN__DUPLICATE_METHOD_MATCH = YES;
				COPY_PHASE_STRIP = NO;
				DEBUG_INFORMATION_FORMAT = "dwarf-with-dsym";
				ENABLE_NS_ASSERTIONS = NO;
				ENABLE_STRICT_OBJC_MSGSEND = YES;
				GCC_C_LANGUAGE_STANDARD = gnu11;
				GCC_NO_COMMON_BLOCKS = YES;
				GCC_WARN_64_TO_32_BIT_CONVERSION = YES;
				GCC_WARN_ABOUT_RETURN_TYPE = YES_ERROR;
				GCC_WARN_UNDECLARED_SELECTOR = YES;
				GCC_WARN_UNINITIALIZED_AUTOS = YES_AGGRESSIVE;
				GCC_WARN_UNUSED_FUNCTION = YES;
				GCC_WARN_UNUSED_VARIABLE = YES;
				IPHONEOS_DEPLOYMENT_TARGET = 14.4;
				MTL_ENABLE_DEBUG_INFO = NO;
				MTL_FAST_MATH = YES;
				SDKROOT = iphoneos;
				SWIFT_COMPILATION_MODE = wholemodule;
				SWIFT_OPTIMIZATION_LEVEL = "-O";
				VALIDATE_PRODUCT = YES;
			};
			name = Release;
		};
		A02CC944260FBDF4001E9193 /* Debug */ = {
			isa = XCBuildConfiguration;
			buildSettings = {
				ASSETCATALOG_COMPILER_APPICON_NAME = AppIcon;
				ASSETCATALOG_COMPILER_GLOBAL_ACCENT_COLOR_NAME = AccentColor;
				CODE_SIGN_STYLE = Automatic;
				DEVELOPMENT_ASSET_PATHS = "\"catBreedsIOS/Preview Content\"";
				ENABLE_PREVIEWS = YES;
				FRAMEWORK_SEARCH_PATHS = "$(SRCROOT)/../shared/build/xcode-frameworks";
				INFOPLIST_FILE = catBreedsIOS/Info.plist;
				IPHONEOS_DEPLOYMENT_TARGET = 14.0;
				LD_RUNPATH_SEARCH_PATHS = (
					"$(inherited)",
					"@executable_path/Frameworks",
				);
				PRODUCT_BUNDLE_IDENTIFIER = com.kashwaa.catBreedsIOS;
				PRODUCT_NAME = "$(TARGET_NAME)";
				SWIFT_VERSION = 5.0;
				TARGETED_DEVICE_FAMILY = "1,2";
			};
			name = Debug;
		};
		A02CC945260FBDF4001E9193 /* Release */ = {
			isa = XCBuildConfiguration;
			buildSettings = {
				ASSETCATALOG_COMPILER_APPICON_NAME = AppIcon;
				ASSETCATALOG_COMPILER_GLOBAL_ACCENT_COLOR_NAME = AccentColor;
				CODE_SIGN_STYLE = Automatic;
				DEVELOPMENT_ASSET_PATHS = "\"catBreedsIOS/Preview Content\"";
				ENABLE_PREVIEWS = YES;
				FRAMEWORK_SEARCH_PATHS = "$(SRCROOT)/../shared/build/xcode-frameworks";
				INFOPLIST_FILE = catBreedsIOS/Info.plist;
				IPHONEOS_DEPLOYMENT_TARGET = 14.0;
				LD_RUNPATH_SEARCH_PATHS = (
					"$(inherited)",
					"@executable_path/Frameworks",
				);
				PRODUCT_BUNDLE_IDENTIFIER = com.kashwaa.catBreedsIOS;
				PRODUCT_NAME = "$(TARGET_NAME)";
				SWIFT_VERSION = 5.0;
				TARGETED_DEVICE_FAMILY = "1,2";
			};
			name = Release;
		};
/* End XCBuildConfiguration section */

/* Begin XCConfigurationList section */
		A02CC92F260FBDF2001E9193 /* Build configuration list for PBXProject "catBreedsIOS" */ = {
			isa = XCConfigurationList;
			buildConfigurations = (
				A02CC941260FBDF4001E9193 /* Debug */,
				A02CC942260FBDF4001E9193 /* Release */,
			);
			defaultConfigurationIsVisible = 0;
			defaultConfigurationName = Release;
		};
		A02CC943260FBDF4001E9193 /* Build configuration list for PBXNativeTarget "catBreedsIOS" */ = {
			isa = XCConfigurationList;
			buildConfigurations = (
				A02CC944260FBDF4001E9193 /* Debug */,
				A02CC945260FBDF4001E9193 /* Release */,
			);
			defaultConfigurationIsVisible = 0;
			defaultConfigurationName = Release;
		};
/* End XCConfigurationList section */
	};
	rootObject = A02CC92C260FBDF2001E9193 /* Project object */;
}
